
Microsoft Visual Studio Solution File, Format Version 12.00
# Visual Studio Version 17
VisualStudioVersion = 17.11.35327.3
MinimumVisualStudioVersion = 10.0.40219.1
Project("{FAE04EC0-301F-11D3-BF4B-00C04F79EFBC}") = "API", "API\API.csproj", "{BD6D592C-2D28-4DDB-BB32-9D26CD6A1E1E}"
EndProject
Global
	GlobalSection(SolutionConfigurationPlatforms) = preSolution
		Debug|Any CPU = Debug|Any CPU
		Release|Any CPU = Release|Any CPU
	EndGlobalSection
	GlobalSection(ProjectConfigurationPlatforms) = postSolution
		{BD6D592C-2D28-4DDB-BB32-9D26CD6A1E1E}.Debug|Any CPU.ActiveCfg = Debug|Any CPU
		{BD6D592C-2D28-4DDB-BB32-9D26CD6A1E1E}.Debug|Any CPU.Build.0 = Debug|Any CPU
		{BD6D592C-2D28-4DDB-BB32-9D26CD6A1E1E}.Release|Any CPU.ActiveCfg = Release|Any CPU
		{BD6D592C-2D28-4DDB-BB32-9D26CD6A1E1E}.Release|Any CPU.Build.0 = Release|Any CPU
	EndGlobalSection
	GlobalSection(SolutionProperties) = preSolution
		HideSolutionNode = FALSE
	EndGlobalSection
	GlobalSection(ExtensibilityGlobals) = postSolution
		SolutionGuid = {64AD9A23-1C55-46C2-BBF6-B08C0835B868}
	EndGlobalSection
EndGlobal
